
Microsoft Visual Studio Solution File, Format Version 12.00
Project("{FAE04EC0-301F-11D3-BF4B-00C04F79EFBC}") = "PeaceKeeper", "PeaceKeeper\PeaceKeeper.csproj", "{273056E9-EAB1-432E-8D33-06E4BAF45F59}"
EndProject
Project("{FAE04EC0-301F-11D3-BF4B-00C04F79EFBC}") = "PropPunkUniverse", "PropPunkUniverse\PropPunkUniverse.csproj", "{26EFB1CD-F2EB-4197-A784-CBC1C3245457}"
EndProject
Project("{FAE04EC0-301F-11D3-BF4B-00C04F79EFBC}") = "PropPunkShared", "PropPunkShared\PropPunkShared.csproj", "{F1B8B19C-53C9-41AF-8AB1-E2328E16AEA5}"
EndProject
Global
	GlobalSection(SolutionConfigurationPlatforms) = preSolution
		Debug|Any CPU = Debug|Any CPU
		Release|Any CPU = Release|Any CPU
	EndGlobalSection
	GlobalSection(ProjectConfigurationPlatforms) = postSolution
		{273056E9-EAB1-432E-8D33-06E4BAF45F59}.Debug|Any CPU.ActiveCfg = Debug|Any CPU
		{273056E9-EAB1-432E-8D33-06E4BAF45F59}.Release|Any CPU.ActiveCfg = Release|Any CPU
		{273056E9-EAB1-432E-8D33-06E4BAF45F59}.Release|Any CPU.Build.0 = Release|Any CPU
		{26EFB1CD-F2EB-4197-A784-CBC1C3245457}.Debug|Any CPU.ActiveCfg = Debug|Any CPU
		{26EFB1CD-F2EB-4197-A784-CBC1C3245457}.Debug|Any CPU.Build.0 = Debug|Any CPU
		{26EFB1CD-F2EB-4197-A784-CBC1C3245457}.Release|Any CPU.ActiveCfg = Release|Any CPU
		{26EFB1CD-F2EB-4197-A784-CBC1C3245457}.Release|Any CPU.Build.0 = Release|Any CPU
		{F1B8B19C-53C9-41AF-8AB1-E2328E16AEA5}.Debug|Any CPU.ActiveCfg = Debug|Any CPU
		{F1B8B19C-53C9-41AF-8AB1-E2328E16AEA5}.Debug|Any CPU.Build.0 = Debug|Any CPU
		{F1B8B19C-53C9-41AF-8AB1-E2328E16AEA5}.Release|Any CPU.ActiveCfg = Release|Any CPU
		{F1B8B19C-53C9-41AF-8AB1-E2328E16AEA5}.Release|Any CPU.Build.0 = Release|Any CPU
	EndGlobalSection
EndGlobal
